
Microsoft Visual Studio Solution File, Format Version 12.00
# Visual Studio Version 16
VisualStudioVersion = 16.0.28922.388
MinimumVisualStudioVersion = 10.0.40219.1
Project("{FAE04EC0-301F-11D3-BF4B-00C04F79EFBC}") = "Transcopter", "Transcopter\Transcopter.csproj", "{D8D0F632-F6DE-4077-A434-EC5FC48F8C67}"
EndProject
Global
	GlobalSection(SolutionConfigurationPlatforms) = preSolution
		Debug|Any CPU = Debug|Any CPU
		Release|Any CPU = Release|Any CPU
	EndGlobalSection
	GlobalSection(ProjectConfigurationPlatforms) = postSolution
		{D8D0F632-F6DE-4077-A434-EC5FC48F8C67}.Debug|Any CPU.ActiveCfg = Debug|Any CPU
		{D8D0F632-F6DE-4077-A434-EC5FC48F8C67}.Debug|Any CPU.Build.0 = Debug|Any CPU
		{D8D0F632-F6DE-4077-A434-EC5FC48F8C67}.Release|Any CPU.ActiveCfg = Release|Any CPU
		{D8D0F632-F6DE-4077-A434-EC5FC48F8C67}.Release|Any CPU.Build.0 = Release|Any CPU
	EndGlobalSection
	GlobalSection(SolutionProperties) = preSolution
		HideSolutionNode = FALSE
	EndGlobalSection
	GlobalSection(ExtensibilityGlobals) = postSolution
		SolutionGuid = {D36CE9CC-EFE6-443D-8AFE-713550374C29}
	EndGlobalSection
EndGlobal
